// !$*UTF8*$!
{
	archiveVersion = 1;
	classes = {
	};
	objectVersion = 56;
	objects = {

/* Begin PBXBuildFile section */
		845BDC4D2943593D00CBF372 /* AppDelegate.swift in Sources */ = {isa = PBXBuildFile; fileRef = 845BDC4C2943593D00CBF372 /* AppDelegate.swift */; };
		845BDC4F2943593D00CBF372 /* SceneDelegate.swift in Sources */ = {isa = PBXBuildFile; fileRef = 845BDC4E2943593D00CBF372 /* SceneDelegate.swift */; };
		845BDC512943593D00CBF372 /* ViewController.swift in Sources */ = {isa = PBXBuildFile; fileRef = 845BDC502943593D00CBF372 /* ViewController.swift */; };
		845BDC542943593D00CBF372 /* Main.storyboard in Resources */ = {isa = PBXBuildFile; fileRef = 845BDC522943593D00CBF372 /* Main.storyboard */; };
		845BDC562943594100CBF372 /* Assets.xcassets in Resources */ = {isa = PBXBuildFile; fileRef = 845BDC552943594100CBF372 /* Assets.xcassets */; };
		845BDC592943594100CBF372 /* LaunchScreen.storyboard in Resources */ = {isa = PBXBuildFile; fileRef = 845BDC572943594100CBF372 /* LaunchScreen.storyboard */; };
		845BDC642943594200CBF372 /* StateTests.swift in Sources */ = {isa = PBXBuildFile; fileRef = 845BDC632943594200CBF372 /* StateTests.swift */; };
		845BDC6E2943594200CBF372 /* StateUITests.swift in Sources */ = {isa = PBXBuildFile; fileRef = 845BDC6D2943594200CBF372 /* StateUITests.swift */; };
		845BDC702943594200CBF372 /* StateUITestsLaunchTests.swift in Sources */ = {isa = PBXBuildFile; fileRef = 845BDC6F2943594200CBF372 /* StateUITestsLaunchTests.swift */; };
/* End PBXBuildFile section */

/* Begin PBXContainerItemProxy section */
		845BDC602943594200CBF372 /* PBXContainerItemProxy */ = {
			isa = PBXContainerItemProxy;
			containerPortal = 845BDC412943593D00CBF372 /* Project object */;
			proxyType = 1;
			remoteGlobalIDString = 845BDC482943593D00CBF372;
			remoteInfo = State;
		};
		845BDC6A2943594200CBF372 /* PBXContainerItemProxy */ = {
			isa = PBXContainerItemProxy;
			containerPortal = 845BDC412943593D00CBF372 /* Project object */;
			proxyType = 1;
			remoteGlobalIDString = 845BDC482943593D00CBF372;
			remoteInfo = State;
		};
/* End PBXContainerItemProxy section */

/* Begin PBXFileReference section */
		845BDC492943593D00CBF372 /* State.app */ = {isa = PBXFileReference; explicitFileType = wrapper.application; includeInIndex = 0; path = State.app; sourceTree = BUILT_PRODUCTS_DIR; };
		845BDC4C2943593D00CBF372 /* AppDelegate.swift */ = {isa = PBXFileReference; lastKnownFileType = sourcecode.swift; path = AppDelegate.swift; sourceTree = "<group>"; };
		845BDC4E2943593D00CBF372 /* SceneDelegate.swift */ = {isa = PBXFileReference; lastKnownFileType = sourcecode.swift; path = SceneDelegate.swift; sourceTree = "<group>"; };
		845BDC502943593D00CBF372 /* ViewController.swift */ = {isa = PBXFileReference; lastKnownFileType = sourcecode.swift; path = ViewController.swift; sourceTree = "<group>"; };
		845BDC532943593D00CBF372 /* Base */ = {isa = PBXFileReference; lastKnownFileType = file.storyboard; name = Base; path = Base.lproj/Main.storyboard; sourceTree = "<group>"; };
		845BDC552943594100CBF372 /* Assets.xcassets */ = {isa = PBXFileReference; lastKnownFileType = folder.assetcatalog; path = Assets.xcassets; sourceTree = "<group>"; };
		845BDC582943594100CBF372 /* Base */ = {isa = PBXFileReference; lastKnownFileType = file.storyboard; name = Base; path = Base.lproj/LaunchScreen.storyboard; sourceTree = "<group>"; };
		845BDC5A2943594100CBF372 /* Info.plist */ = {isa = PBXFileReference; lastKnownFileType = text.plist.xml; path = Info.plist; sourceTree = "<group>"; };
		845BDC5F2943594200CBF372 /* StateTests.xctest */ = {isa = PBXFileReference; explicitFileType = wrapper.cfbundle; includeInIndex = 0; path = StateTests.xctest; sourceTree = BUILT_PRODUCTS_DIR; };
		845BDC632943594200CBF372 /* StateTests.swift */ = {isa = PBXFileReference; lastKnownFileType = sourcecode.swift; path = StateTests.swift; sourceTree = "<group>"; };
		845BDC692943594200CBF372 /* StateUITests.xctest */ = {isa = PBXFileReference; explicitFileType = wrapper.cfbundle; includeInIndex = 0; path = StateUITests.xctest; sourceTree = BUILT_PRODUCTS_DIR; };
		845BDC6D2943594200CBF372 /* StateUITests.swift */ = {isa = PBXFileReference; lastKnownFileType = sourcecode.swift; path = StateUITests.swift; sourceTree = "<group>"; };
		845BDC6F2943594200CBF372 /* StateUITestsLaunchTests.swift */ = {isa = PBXFileReference; lastKnownFileType = sourcecode.swift; path = StateUITestsLaunchTests.swift; sourceTree = "<group>"; };
/* End PBXFileReference section */

/* Begin PBXFrameworksBuildPhase section */
		845BDC462943593D00CBF372 /* Frameworks */ = {
			isa = PBXFrameworksBuildPhase;
			buildActionMask = 2147483647;
			files = (
			);
			runOnlyForDeploymentPostprocessing = 0;
		};
		845BDC5C2943594200CBF372 /* Frameworks */ = {
			isa = PBXFrameworksBuildPhase;
			buildActionMask = 2147483647;
			files = (
			);
			runOnlyForDeploymentPostprocessing = 0;
		};
		845BDC662943594200CBF372 /* Frameworks */ = {
			isa = PBXFrameworksBuildPhase;
			buildActionMask = 2147483647;
			files = (
			);
			runOnlyForDeploymentPostprocessing = 0;
		};
/* End PBXFrameworksBuildPhase section */

/* Begin PBXGroup section */
		845BDC402943593D00CBF372 = {
			isa = PBXGroup;
			children = (
				845BDC4B2943593D00CBF372 /* State */,
				845BDC622943594200CBF372 /* StateTests */,
				845BDC6C2943594200CBF372 /* StateUITests */,
				845BDC4A2943593D00CBF372 /* Products */,
			);
			sourceTree = "<group>";
		};
		845BDC4A2943593D00CBF372 /* Products */ = {
			isa = PBXGroup;
			children = (
				845BDC492943593D00CBF372 /* State.app */,
				845BDC5F2943594200CBF372 /* StateTests.xctest */,
				845BDC692943594200CBF372 /* StateUITests.xctest */,
			);
			name = Products;
			sourceTree = "<group>";
		};
		845BDC4B2943593D00CBF372 /* State */ = {
			isa = PBXGroup;
			children = (
				845BDC4C2943593D00CBF372 /* AppDelegate.swift */,
				845BDC4E2943593D00CBF372 /* SceneDelegate.swift */,
				845BDC502943593D00CBF372 /* ViewController.swift */,
				845BDC522943593D00CBF372 /* Main.storyboard */,
				845BDC552943594100CBF372 /* Assets.xcassets */,
				845BDC572943594100CBF372 /* LaunchScreen.storyboard */,
				845BDC5A2943594100CBF372 /* Info.plist */,
			);
			path = State;
			sourceTree = "<group>";
		};
		845BDC622943594200CBF372 /* StateTests */ = {
			isa = PBXGroup;
			children = (
				845BDC632943594200CBF372 /* StateTests.swift */,
			);
			path = StateTests;
			sourceTree = "<group>";
		};
		845BDC6C2943594200CBF372 /* StateUITests */ = {
			isa = PBXGroup;
			children = (
				845BDC6D2943594200CBF372 /* StateUITests.swift */,
				845BDC6F2943594200CBF372 /* StateUITestsLaunchTests.swift */,
			);
			path = StateUITests;
			sourceTree = "<group>";
		};
/* End PBXGroup section */

/* Begin PBXNativeTarget section */
		845BDC482943593D00CBF372 /* State */ = {
			isa = PBXNativeTarget;
			buildConfigurationList = 845BDC732943594200CBF372 /* Build configuration list for PBXNativeTarget "State" */;
			buildPhases = (
				845BDC452943593D00CBF372 /* Sources */,
				845BDC462943593D00CBF372 /* Frameworks */,
				845BDC472943593D00CBF372 /* Resources */,
			);
			buildRules = (
			);
			dependencies = (
			);
			name = State;
			productName = State;
			productReference = 845BDC492943593D00CBF372 /* State.app */;
			productType = "com.apple.product-type.application";
		};
		845BDC5E2943594200CBF372 /* StateTests */ = {
			isa = PBXNativeTarget;
			buildConfigurationList = 845BDC762943594200CBF372 /* Build configuration list for PBXNativeTarget "StateTests" */;
			buildPhases = (
				845BDC5B2943594200CBF372 /* Sources */,
				845BDC5C2943594200CBF372 /* Frameworks */,
				845BDC5D2943594200CBF372 /* Resources */,
			);
			buildRules = (
			);
			dependencies = (
				845BDC612943594200CBF372 /* PBXTargetDependency */,
			);
			name = StateTests;
			productName = StateTests;
			productReference = 845BDC5F2943594200CBF372 /* StateTests.xctest */;
			productType = "com.apple.product-type.bundle.unit-test";
		};
		845BDC682943594200CBF372 /* StateUITests */ = {
			isa = PBXNativeTarget;
			buildConfigurationList = 845BDC792943594200CBF372 /* Build configuration list for PBXNativeTarget "StateUITests" */;
			buildPhases = (
				845BDC652943594200CBF372 /* Sources */,
				845BDC662943594200CBF372 /* Frameworks */,
				845BDC672943594200CBF372 /* Resources */,
			);
			buildRules = (
			);
			dependencies = (
				845BDC6B2943594200CBF372 /* PBXTargetDependency */,
			);
			name = StateUITests;
			productName = StateUITests;
			productReference = 845BDC692943594200CBF372 /* StateUITests.xctest */;
			productType = "com.apple.product-type.bundle.ui-testing";
		};
/* End PBXNativeTarget section */

/* Begin PBXProject section */
		845BDC412943593D00CBF372 /* Project object */ = {
			isa = PBXProject;
			attributes = {
				BuildIndependentTargetsInParallel = 1;
				LastSwiftUpdateCheck = 1400;
				LastUpgradeCheck = 1400;
				TargetAttributes = {
					845BDC482943593D00CBF372 = {
						CreatedOnToolsVersion = 14.0.1;
					};
					845BDC5E2943594200CBF372 = {
						CreatedOnToolsVersion = 14.0.1;
						TestTargetID = 845BDC482943593D00CBF372;
					};
					845BDC682943594200CBF372 = {
						CreatedOnToolsVersion = 14.0.1;
						TestTargetID = 845BDC482943593D00CBF372;
					};
				};
			};
			buildConfigurationList = 845BDC442943593D00CBF372 /* Build configuration list for PBXProject "State" */;
			compatibilityVersion = "Xcode 14.0";
			developmentRegion = en;
			hasScannedForEncodings = 0;
			knownRegions = (
				en,
				Base,
			);
			mainGroup = 845BDC402943593D00CBF372;
			productRefGroup = 845BDC4A2943593D00CBF372 /* Products */;
			projectDirPath = "";
			projectRoot = "";
			targets = (
				845BDC482943593D00CBF372 /* State */,
				845BDC5E2943594200CBF372 /* StateTests */,
				845BDC682943594200CBF372 /* StateUITests */,
			);
		};
/* End PBXProject section */

/* Begin PBXResourcesBuildPhase section */
		845BDC472943593D00CBF372 /* Resources */ = {
			isa = PBXResourcesBuildPhase;
			buildActionMask = 2147483647;
			files = (
				845BDC592943594100CBF372 /* LaunchScreen.storyboard in Resources */,
				845BDC562943594100CBF372 /* Assets.xcassets in Resources */,
				845BDC542943593D00CBF372 /* Main.storyboard in Resources */,
			);
			runOnlyForDeploymentPostprocessing = 0;
		};
		845BDC5D2943594200CBF372 /* Resources */ = {
			isa = PBXResourcesBuildPhase;
			buildActionMask = 2147483647;
			files = (
			);
			runOnlyForDeploymentPostprocessing = 0;
		};
		845BDC672943594200CBF372 /* Resources */ = {
			isa = PBXResourcesBuildPhase;
			buildActionMask = 2147483647;
			files = (
			);
			runOnlyForDeploymentPostprocessing = 0;
		};
/* End PBXResourcesBuildPhase section */

/* Begin PBXSourcesBuildPhase section */
		845BDC452943593D00CBF372 /* Sources */ = {
			isa = PBXSourcesBuildPhase;
			buildActionMask = 2147483647;
			files = (
				845BDC512943593D00CBF372 /* ViewController.swift in Sources */,
				845BDC4D2943593D00CBF372 /* AppDelegate.swift in Sources */,
				845BDC4F2943593D00CBF372 /* SceneDelegate.swift in Sources */,
			);
			runOnlyForDeploymentPostprocessing = 0;
		};
		845BDC5B2943594200CBF372 /* Sources */ = {
			isa = PBXSourcesBuildPhase;
			buildActionMask = 2147483647;
			files = (
				845BDC642943594200CBF372 /* StateTests.swift in Sources */,
			);
			runOnlyForDeploymentPostprocessing = 0;
		};
		845BDC652943594200CBF372 /* Sources */ = {
			isa = PBXSourcesBuildPhase;
			buildActionMask = 2147483647;
			files = (
				845BDC702943594200CBF372 /* StateUITestsLaunchTests.swift in Sources */,
				845BDC6E2943594200CBF372 /* StateUITests.swift in Sources */,
			);
			runOnlyForDeploymentPostprocessing = 0;
		};
/* End PBXSourcesBuildPhase section */

/* Begin PBXTargetDependency section */
		845BDC612943594200CBF372 /* PBXTargetDependency */ = {
			isa = PBXTargetDependency;
			target = 845BDC482943593D00CBF372 /* State */;
			targetProxy = 845BDC602943594200CBF372 /* PBXContainerItemProxy */;
		};
		845BDC6B2943594200CBF372 /* PBXTargetDependency */ = {
			isa = PBXTargetDependency;
			target = 845BDC482943593D00CBF372 /* State */;
			targetProxy = 845BDC6A2943594200CBF372 /* PBXContainerItemProxy */;
		};
/* End PBXTargetDependency section */

/* Begin PBXVariantGroup section */
		845BDC522943593D00CBF372 /* Main.storyboard */ = {
			isa = PBXVariantGroup;
			children = (
				845BDC532943593D00CBF372 /* Base */,
			);
			name = Main.storyboard;
			sourceTree = "<group>";
		};
		845BDC572943594100CBF372 /* LaunchScreen.storyboard */ = {
			isa = PBXVariantGroup;
			children = (
				845BDC582943594100CBF372 /* Base */,
			);
			name = LaunchScreen.storyboard;
			sourceTree = "<group>";
		};
/* End PBXVariantGroup section */

/* Begin XCBuildConfiguration section */
		845BDC712943594200CBF372 /* Debug */ = {
			isa = XCBuildConfiguration;
			buildSettings = {
				ALWAYS_SEARCH_USER_PATHS = NO;
				CLANG_ANALYZER_NONNULL = YES;
				CLANG_ANALYZER_NUMBER_OBJECT_CONVERSION = YES_AGGRESSIVE;
				CLANG_CXX_LANGUAGE_STANDARD = "gnu++20";
				CLANG_ENABLE_MODULES = YES;
				CLANG_ENABLE_OBJC_ARC = YES;
				CLANG_ENABLE_OBJC_WEAK = YES;
				CLANG_WARN_BLOCK_CAPTURE_AUTORELEASING = YES;
				CLANG_WARN_BOOL_CONVERSION = YES;
				CLANG_WARN_COMMA = YES;
				CLANG_WARN_CONSTANT_CONVERSION = YES;
				CLANG_WARN_DEPRECATED_OBJC_IMPLEMENTATIONS = YES;
				CLANG_WARN_DIRECT_OBJC_ISA_USAGE = YES_ERROR;
				CLANG_WARN_DOCUMENTATION_COMMENTS = YES;
				CLANG_WARN_EMPTY_BODY = YES;
				CLANG_WARN_ENUM_CONVERSION = YES;
				CLANG_WARN_INFINITE_RECURSION = YES;
				CLANG_WARN_INT_CONVERSION = YES;
				CLANG_WARN_NON_LITERAL_NULL_CONVERSION = YES;
				CLANG_WARN_OBJC_IMPLICIT_RETAIN_SELF = YES;
				CLANG_WARN_OBJC_LITERAL_CONVERSION = YES;
				CLANG_WARN_OBJC_ROOT_CLASS = YES_ERROR;
				CLANG_WARN_QUOTED_INCLUDE_IN_FRAMEWORK_HEADER = YES;
				CLANG_WARN_RANGE_LOOP_ANALYSIS = YES;
				CLANG_WARN_STRICT_PROTOTYPES = YES;
				CLANG_WARN_SUSPICIOUS_MOVE = YES;
				CLANG_WARN_UNGUARDED_AVAILABILITY = YES_AGGRESSIVE;
				CLANG_WARN_UNREACHABLE_CODE = YES;
				CLANG_WARN__DUPLICATE_METHOD_MATCH = YES;
				COPY_PHASE_STRIP = NO;
				DEBUG_INFORMATION_FORMAT = dwarf;
				ENABLE_STRICT_OBJC_MSGSEND = YES;
				ENABLE_TESTABILITY = YES;
				GCC_C_LANGUAGE_STANDARD = gnu11;
				GCC_DYNAMIC_NO_PIC = NO;
				GCC_NO_COMMON_BLOCKS = YES;
				GCC_OPTIMIZATION_LEVEL = 0;
				GCC_PREPROCESSOR_DEFINITIONS = (
					"DEBUG=1",
					"$(inherited)",
				);
				GCC_WARN_64_TO_32_BIT_CONVERSION = YES;
				GCC_WARN_ABOUT_RETURN_TYPE = YES_ERROR;
				GCC_WARN_UNDECLARED_SELECTOR = YES;
				GCC_WARN_UNINITIALIZED_AUTOS = YES_AGGRESSIVE;
				GCC_WARN_UNUSED_FUNCTION = YES;
				GCC_WARN_UNUSED_VARIABLE = YES;
				IPHONEOS_DEPLOYMENT_TARGET = 16.0;
				MTL_ENABLE_DEBUG_INFO = INCLUDE_SOURCE;
				MTL_FAST_MATH = YES;
				ONLY_ACTIVE_ARCH = YES;
				SDKROOT = iphoneos;
				SWIFT_ACTIVE_COMPILATION_CONDITIONS = DEBUG;
				SWIFT_OPTIMIZATION_LEVEL = "-Onone";
			};
			name = Debug;
		};
		845BDC722943594200CBF372 /* Release */ = {
			isa = XCBuildConfiguration;
			buildSettings = {
				ALWAYS_SEARCH_USER_PATHS = NO;
				CLANG_ANALYZER_NONNULL = YES;
				CLANG_ANALYZER_NUMBER_OBJECT_CONVERSION = YES_AGGRESSIVE;
				CLANG_CXX_LANGUAGE_STANDARD = "gnu++20";
				CLANG_ENABLE_MODULES = YES;
				CLANG_ENABLE_OBJC_ARC = YES;
				CLANG_ENABLE_OBJC_WEAK = YES;
				CLANG_WARN_BLOCK_CAPTURE_AUTORELEASING = YES;
				CLANG_WARN_BOOL_CONVERSION = YES;
				CLANG_WARN_COMMA = YES;
				CLANG_WARN_CONSTANT_CONVERSION = YES;
				CLANG_WARN_DEPRECATED_OBJC_IMPLEMENTATIONS = YES;
				CLANG_WARN_DIRECT_OBJC_ISA_USAGE = YES_ERROR;
				CLANG_WARN_DOCUMENTATION_COMMENTS = YES;
				CLANG_WARN_EMPTY_BODY = YES;
				CLANG_WARN_ENUM_CONVERSION = YES;
				CLANG_WARN_INFINITE_RECURSION = YES;
				CLANG_WARN_INT_CONVERSION = YES;
				CLANG_WARN_NON_LITERAL_NULL_CONVERSION = YES;
				CLANG_WARN_OBJC_IMPLICIT_RETAIN_SELF = YES;
				CLANG_WARN_OBJC_LITERAL_CONVERSION = YES;
				CLANG_WARN_OBJC_ROOT_CLASS = YES_ERROR;
				CLANG_WARN_QUOTED_INCLUDE_IN_FRAMEWORK_HEADER = YES;
				CLANG_WARN_RANGE_LOOP_ANALYSIS = YES;
				CLANG_WARN_STRICT_PROTOTYPES = YES;
				CLANG_WARN_SUSPICIOUS_MOVE = YES;
				CLANG_WARN_UNGUARDED_AVAILABILITY = YES_AGGRESSIVE;
				CLANG_WARN_UNREACHABLE_CODE = YES;
				CLANG_WARN__DUPLICATE_METHOD_MATCH = YES;
				COPY_PHASE_STRIP = NO;
				DEBUG_INFORMATION_FORMAT = "dwarf-with-dsym";
				ENABLE_NS_ASSERTIONS = NO;
				ENABLE_STRICT_OBJC_MSGSEND = YES;
				GCC_C_LANGUAGE_STANDARD = gnu11;
				GCC_NO_COMMON_BLOCKS = YES;
				GCC_WARN_64_TO_32_BIT_CONVERSION = YES;
				GCC_WARN_ABOUT_RETURN_TYPE = YES_ERROR;
				GCC_WARN_UNDECLARED_SELECTOR = YES;
				GCC_WARN_UNINITIALIZED_AUTOS = YES_AGGRESSIVE;
				GCC_WARN_UNUSED_FUNCTION = YES;
				GCC_WARN_UNUSED_VARIABLE = YES;
				IPHONEOS_DEPLOYMENT_TARGET = 16.0;
				MTL_ENABLE_DEBUG_INFO = NO;
				MTL_FAST_MATH = YES;
				SDKROOT = iphoneos;
				SWIFT_COMPILATION_MODE = wholemodule;
				SWIFT_OPTIMIZATION_LEVEL = "-O";
				VALIDATE_PRODUCT = YES;
			};
			name = Release;
		};
		845BDC742943594200CBF372 /* Debug */ = {
			isa = XCBuildConfiguration;
			buildSettings = {
				ASSETCATALOG_COMPILER_APPICON_NAME = AppIcon;
				ASSETCATALOG_COMPILER_GLOBAL_ACCENT_COLOR_NAME = AccentColor;
				CODE_SIGN_STYLE = Automatic;
				CURRENT_PROJECT_VERSION = 1;
				DEVELOPMENT_TEAM = N4M3759P9C;
				GENERATE_INFOPLIST_FILE = YES;
				INFOPLIST_FILE = State/Info.plist;
				INFOPLIST_KEY_UIApplicationSupportsIndirectInputEvents = YES;
				INFOPLIST_KEY_UILaunchStoryboardName = LaunchScreen;
				INFOPLIST_KEY_UIMainStoryboardFile = Main;
				INFOPLIST_KEY_UISupportedInterfaceOrientations_iPad = "UIInterfaceOrientationPortrait UIInterfaceOrientationPortraitUpsideDown UIInterfaceOrientationLandscapeLeft UIInterfaceOrientationLandscapeRight";
				INFOPLIST_KEY_UISupportedInterfaceOrientations_iPhone = "UIInterfaceOrientationPortrait UIInterfaceOrientationLandscapeLeft UIInterfaceOrientationLandscapeRight";
				LD_RUNPATH_SEARCH_PATHS = (
					"$(inherited)",
					"@executable_path/Frameworks",
				);
				MARKETING_VERSION = 1.0;
				PRODUCT_BUNDLE_IDENTIFIER = com.State;
				PRODUCT_NAME = "$(TARGET_NAME)";
				SWIFT_EMIT_LOC_STRINGS = YES;
				SWIFT_VERSION = 5.0;
				TARGETED_DEVICE_FAMILY = "1,2";
			};
			name = Debug;
		};
		845BDC752943594200CBF372 /* Release */ = {
			isa = XCBuildConfiguration;
			buildSettings = {
				ASSETCATALOG_COMPILER_APPICON_NAME = AppIcon;
				ASSETCATALOG_COMPILER_GLOBAL_ACCENT_COLOR_NAME = AccentColor;
				CODE_SIGN_STYLE = Automatic;
				CURRENT_PROJECT_VERSION = 1;
				DEVELOPMENT_TEAM = N4M3759P9C;
				GENERATE_INFOPLIST_FILE = YES;
				INFOPLIST_FILE = State/Info.plist;
				INFOPLIST_KEY_UIApplicationSupportsIndirectInputEvents = YES;
				INFOPLIST_KEY_UILaunchStoryboardName = LaunchScreen;
				INFOPLIST_KEY_UIMainStoryboardFile = Main;
				INFOPLIST_KEY_UISupportedInterfaceOrientations_iPad = "UIInterfaceOrientationPortrait UIInterfaceOrientationPortraitUpsideDown UIInterfaceOrientationLandscapeLeft UIInterfaceOrientationLandscapeRight";
				INFOPLIST_KEY_UISupportedInterfaceOrientations_iPhone = "UIInterfaceOrientationPortrait UIInterfaceOrientationLandscapeLeft UIInterfaceOrientationLandscapeRight";
				LD_RUNPATH_SEARCH_PATHS = (
					"$(inherited)",
					"@executable_path/Frameworks",
				);
				MARKETING_VERSION = 1.0;
				PRODUCT_BUNDLE_IDENTIFIER = com.State;
				PRODUCT_NAME = "$(TARGET_NAME)";
				SWIFT_EMIT_LOC_STRINGS = YES;
				SWIFT_VERSION = 5.0;
				TARGETED_DEVICE_FAMILY = "1,2";
			};
			name = Release;
		};
		845BDC772943594200CBF372 /* Debug */ = {
			isa = XCBuildConfiguration;
			buildSettings = {
				ALWAYS_EMBED_SWIFT_STANDARD_LIBRARIES = YES;
				BUNDLE_LOADER = "$(TEST_HOST)";
				CODE_SIGN_STYLE = Automatic;
				CURRENT_PROJECT_VERSION = 1;
				DEVELOPMENT_TEAM = N4M3759P9C;
				GENERATE_INFOPLIST_FILE = YES;
				IPHONEOS_DEPLOYMENT_TARGET = 16.0;
				MARKETING_VERSION = 1.0;
				PRODUCT_BUNDLE_IDENTIFIER = com.StateTests;
				PRODUCT_NAME = "$(TARGET_NAME)";
				SWIFT_EMIT_LOC_STRINGS = NO;
				SWIFT_VERSION = 5.0;
				TARGETED_DEVICE_FAMILY = "1,2";
				TEST_HOST = "$(BUILT_PRODUCTS_DIR)/State.app/$(BUNDLE_EXECUTABLE_FOLDER_PATH)/State";
			};
			name = Debug;
		};
		845BDC782943594200CBF372 /* Release */ = {
			isa = XCBuildConfiguration;
			buildSettings = {
				ALWAYS_EMBED_SWIFT_STANDARD_LIBRARIES = YES;
				BUNDLE_LOADER = "$(TEST_HOST)";
				CODE_SIGN_STYLE = Automatic;
				CURRENT_PROJECT_VERSION = 1;
				DEVELOPMENT_TEAM = N4M3759P9C;
				GENERATE_INFOPLIST_FILE = YES;
				IPHONEOS_DEPLOYMENT_TARGET = 16.0;
				MARKETING_VERSION = 1.0;
				PRODUCT_BUNDLE_IDENTIFIER = com.StateTests;
				PRODUCT_NAME = "$(TARGET_NAME)";
				SWIFT_EMIT_LOC_STRINGS = NO;
				SWIFT_VERSION = 5.0;
				TARGETED_DEVICE_FAMILY = "1,2";
				TEST_HOST = "$(BUILT_PRODUCTS_DIR)/State.app/$(BUNDLE_EXECUTABLE_FOLDER_PATH)/State";
			};
			name = Release;
		};
		845BDC7A2943594200CBF372 /* Debug */ = {
			isa = XCBuildConfiguration;
			buildSettings = {
				ALWAYS_EMBED_SWIFT_STANDARD_LIBRARIES = YES;
				CODE_SIGN_STYLE = Automatic;
				CURRENT_PROJECT_VERSION = 1;
				DEVELOPMENT_TEAM = N4M3759P9C;
				GENERATE_INFOPLIST_FILE = YES;
				MARKETING_VERSION = 1.0;
				PRODUCT_BUNDLE_IDENTIFIER = com.StateUITests;
				PRODUCT_NAME = "$(TARGET_NAME)";
				SWIFT_EMIT_LOC_STRINGS = NO;
				SWIFT_VERSION = 5.0;
				TARGETED_DEVICE_FAMILY = "1,2";
				TEST_TARGET_NAME = State;
			};
			name = Debug;
		};
		845BDC7B2943594200CBF372 /* Release */ = {
			isa = XCBuildConfiguration;
			buildSettings = {
				ALWAYS_EMBED_SWIFT_STANDARD_LIBRARIES = YES;
				CODE_SIGN_STYLE = Automatic;
				CURRENT_PROJECT_VERSION = 1;
				DEVELOPMENT_TEAM = N4M3759P9C;
				GENERATE_INFOPLIST_FILE = YES;
				MARKETING_VERSION = 1.0;
				PRODUCT_BUNDLE_IDENTIFIER = com.StateUITests;
				PRODUCT_NAME = "$(TARGET_NAME)";
				SWIFT_EMIT_LOC_STRINGS = NO;
				SWIFT_VERSION = 5.0;
				TARGETED_DEVICE_FAMILY = "1,2";
				TEST_TARGET_NAME = State;
			};
			name = Release;
		};
/* End XCBuildConfiguration section */

/* Begin XCConfigurationList section */
		845BDC442943593D00CBF372 /* Build configuration list for PBXProject "State" */ = {
			isa = XCConfigurationList;
			buildConfigurations = (
				845BDC712943594200CBF372 /* Debug */,
				845BDC722943594200CBF372 /* Release */,
			);
			defaultConfigurationIsVisible = 0;
			defaultConfigurationName = Release;
		};
		845BDC732943594200CBF372 /* Build configuration list for PBXNativeTarget "State" */ = {
			isa = XCConfigurationList;
			buildConfigurations = (
				845BDC742943594200CBF372 /* Debug */,
				845BDC752943594200CBF372 /* Release */,
			);
			defaultConfigurationIsVisible = 0;
			defaultConfigurationName = Release;
		};
		845BDC762943594200CBF372 /* Build configuration list for PBXNativeTarget "StateTests" */ = {
			isa = XCConfigurationList;
			buildConfigurations = (
				845BDC772943594200CBF372 /* Debug */,
				845BDC782943594200CBF372 /* Release */,
			);
			defaultConfigurationIsVisible = 0;
			defaultConfigurationName = Release;
		};
		845BDC792943594200CBF372 /* Build configuration list for PBXNativeTarget "StateUITests" */ = {
			isa = XCConfigurationList;
			buildConfigurations = (
				845BDC7A2943594200CBF372 /* Debug */,
				845BDC7B2943594200CBF372 /* Release */,
			);
			defaultConfigurationIsVisible = 0;
			defaultConfigurationName = Release;
		};
/* End XCConfigurationList section */
	};
	rootObject = 845BDC412943593D00CBF372 /* Project object */;
}
